
Microsoft Visual Studio Solution File, Format Version 12.00
# Visual Studio Version 17
VisualStudioVersion = 17.13.35806.99 d17.13
MinimumVisualStudioVersion = 10.0.40219.1
Project("{FAE04EC0-301F-11D3-BF4B-00C04F79EFBC}") = "Hilos1", "Hilos1\Hilos1.csproj", "{46C3111A-4AF0-421B-8D12-1469C7F197AD}"
EndProject
Global
	GlobalSection(SolutionConfigurationPlatforms) = preSolution
		Debug|Any CPU = Debug|Any CPU
		Release|Any CPU = Release|Any CPU
	EndGlobalSection
	GlobalSection(ProjectConfigurationPlatforms) = postSolution
		{46C3111A-4AF0-421B-8D12-1469C7F197AD}.Debug|Any CPU.ActiveCfg = Debug|Any CPU
		{46C3111A-4AF0-421B-8D12-1469C7F197AD}.Debug|Any CPU.Build.0 = Debug|Any CPU
		{46C3111A-4AF0-421B-8D12-1469C7F197AD}.Release|Any CPU.ActiveCfg = Release|Any CPU
		{46C3111A-4AF0-421B-8D12-1469C7F197AD}.Release|Any CPU.Build.0 = Release|Any CPU
	EndGlobalSection
	GlobalSection(SolutionProperties) = preSolution
		HideSolutionNode = FALSE
	EndGlobalSection
	GlobalSection(ExtensibilityGlobals) = postSolution
		SolutionGuid = {412EDB9D-3173-49ED-826D-8AE58940F49F}
	EndGlobalSection
EndGlobal
